<Project xmlns="http://schemas.microsoft.com/developer/msbuild/2003">
    <PropertyGroup>
        <ProjectGuid>{D97EF78A-8E1D-46BC-B652-1F3CFE6AD22D}</ProjectGuid>
        <ProjectVersion>19.5</ProjectVersion>
        <FrameworkType>VCL</FrameworkType>
        <Base>True</Base>
        <Config Condition="'$(Config)'==''">Debug</Config>
        <Platform Condition="'$(Platform)'==''">Win32</Platform>
        <TargetedPlatforms>3</TargetedPlatforms>
        <AppType>Application</AppType>
        <MainSource>MDHelpViewer.dpr</MainSource>
    </PropertyGroup>
    <PropertyGroup Condition="'$(Config)'=='Base' or '$(Base)'!=''">
        <Base>true</Base>
    </PropertyGroup>
    <PropertyGroup Condition="('$(Platform)'=='Win32' and '$(Base)'=='true') or '$(Base_Win32)'!=''">
        <Base_Win32>true</Base_Win32>
        <CfgParent>Base</CfgParent>
        <Base>true</Base>
    </PropertyGroup>
    <PropertyGroup Condition="('$(Platform)'=='Win64' and '$(Base)'=='true') or '$(Base_Win64)'!=''">
        <Base_Win64>true</Base_Win64>
        <CfgParent>Base</CfgParent>
        <Base>true</Base>
    </PropertyGroup>
    <PropertyGroup Condition="'$(Config)'=='Debug' or '$(Cfg_1)'!=''">
        <Cfg_1>true</Cfg_1>
        <CfgParent>Base</CfgParent>
        <Base>true</Base>
    </PropertyGroup>
    <PropertyGroup Condition="('$(Platform)'=='Win32' and '$(Cfg_1)'=='true') or '$(Cfg_1_Win32)'!=''">
        <Cfg_1_Win32>true</Cfg_1_Win32>
        <CfgParent>Cfg_1</CfgParent>
        <Cfg_1>true</Cfg_1>
        <Base>true</Base>
    </PropertyGroup>
    <PropertyGroup Condition="('$(Platform)'=='Win64' and '$(Cfg_1)'=='true') or '$(Cfg_1_Win64)'!=''">
        <Cfg_1_Win64>true</Cfg_1_Win64>
        <CfgParent>Cfg_1</CfgParent>
        <Cfg_1>true</Cfg_1>
        <Base>true</Base>
    </PropertyGroup>
    <PropertyGroup Condition="'$(Config)'=='Release' or '$(Cfg_2)'!=''">
        <Cfg_2>true</Cfg_2>
        <CfgParent>Base</CfgParent>
        <Base>true</Base>
    </PropertyGroup>
    <PropertyGroup Condition="('$(Platform)'=='Win32' and '$(Cfg_2)'=='true') or '$(Cfg_2_Win32)'!=''">
        <Cfg_2_Win32>true</Cfg_2_Win32>
        <CfgParent>Cfg_2</CfgParent>
        <Cfg_2>true</Cfg_2>
        <Base>true</Base>
    </PropertyGroup>
    <PropertyGroup Condition="('$(Platform)'=='Win64' and '$(Cfg_2)'=='true') or '$(Cfg_2_Win64)'!=''">
        <Cfg_2_Win64>true</Cfg_2_Win64>
        <CfgParent>Cfg_2</CfgParent>
        <Cfg_2>true</Cfg_2>
        <Base>true</Base>
    </PropertyGroup>
    <PropertyGroup Condition="'$(Base)'!=''">
        <DCC_DcuOutput>..\Dcu\$(Platform)\</DCC_DcuOutput>
        <DCC_E>false</DCC_E>
        <DCC_N>false</DCC_N>
        <DCC_S>false</DCC_S>
        <DCC_F>false</DCC_F>
        <DCC_K>false</DCC_K>
        <DCC_Namespace>System;Xml;Data;Datasnap;Web;Soap;Vcl;Vcl.Imaging;Vcl.Touch;Vcl.Samples;Vcl.Shell;$(DCC_Namespace)</DCC_Namespace>
        <Icon_MainIcon>$(BDS)\bin\delphi_PROJECTICON.ico</Icon_MainIcon>
        <UWP_DelphiLogo44>$(BDS)\bin\Artwork\Windows\UWP\delphi_UwpDefault_44.png</UWP_DelphiLogo44>
        <UWP_DelphiLogo150>$(BDS)\bin\Artwork\Windows\UWP\delphi_UwpDefault_150.png</UWP_DelphiLogo150>
        <SanitizedProjectName>MDHelpViewer</SanitizedProjectName>
        <DCC_UnitSearchPath>..\Ext\HTMLViewer\Source;..\Ext\delphi-markdown\Source;..\Ext\SVGIconImageList\Source;..\Ext\SVGIconImageList\Image32\Source;..\Ext\SynPDF;..\Ext\VclStyleUtils\Common;..\Ext\VclStyleUtils\DDetours\Source;$(DCC_UnitSearchPath)</DCC_UnitSearchPath>
        <VerInfo_Locale>1033</VerInfo_Locale>
        <VerInfo_Keys>CompanyName=Ethea S.r.l.;FileDescription=Markdown Help Viewer;FileVersion=1.1.0.0;InternalName=;LegalCopyright=Copyright (c) Ethea S.r.l.;LegalTrademarks=;OriginalFilename=;ProgramID=;ProductName=MarkdownHelpViewer;ProductVersion=1.1;Comments=</VerInfo_Keys>
        <Custom_Styles>Glow|VCLSTYLE|$(BDSCOMMONDIR)\Styles\Glow.vsf;Sky|VCLSTYLE|$(BDSCOMMONDIR)\Styles\Sky.vsf;Windows10|VCLSTYLE|$(BDSCOMMONDIR)\Styles\Windows10.vsf;&quot;Windows10 Dark|VCLSTYLE|$(BDSCOMMONDIR)\Styles\Windows10Dark.vsf&quot;;&quot;Windows10 SlateGray|VCLSTYLE|$(BDSCOMMONDIR)\Styles\Windows10SlateGray.vsf&quot;;&quot;Windows11 Modern Dark|VCLSTYLE|$(BDSCOMMONDIR)\Styles\Windows11_Modern_Dark.vsf&quot;;&quot;Windows11 Modern Light|VCLSTYLE|$(BDSCOMMONDIR)\Styles\Windows11_Modern_Light.vsf&quot;</Custom_Styles>
        <VerInfo_IncludeVerInfo>true</VerInfo_IncludeVerInfo>
        <VerInfo_MinorVer>1</VerInfo_MinorVer>
    </PropertyGroup>
    <PropertyGroup Condition="'$(Base_Win32)'!=''">
        <DCC_UsePackage>GLScene_Cg_RT;vcldbx;RaizeComponentsVcl;vclwinx;DataSnapServer;rbIDE2128;FlexCel_Report;rbTC2128;bdertl;dclRBADO2128;fmx;emshosting;vclie;DbxCommonDriver;bindengine;IndyIPCommon;VCLRESTComponents;DBXMSSQLDriver;FireDACCommonODBC;emsclient;FireDACCommonDriver;rbBDE2128;appanalytics;IndyProtocols;vclx;acQueryBuilderDsgnFireDACD28;rbRIDE2128;IndyIPClient;dbxcds;vcledge;rbCIDE2128;IOCore;bindcompvclwinx;SynEdit_R11;FmxTeeUI;FrameViewer11;ChromeTabs_R;EspaceEuroComponents_D11;dclRBE2128;Skia.Package.RTL;ISVcl8;emsedge;bindcompfmx;IODBX;DBXFirebirdDriver;Skia4DelphiExtensions;FlexCel_Pdf;SKIA_FlexCel_Core;StageComponents;inetdb;IOIBX;ibmonitor;FireDACSqliteDriver;DbxClientDriver;rbFireDAC2128;FireDACASADriver;IOXML;Tee;soapmidas;vclactnband;TeeUI;fmxFireDAC;dbexpress;acCriteriaBuilderD28;FireDACInfxDriver;dclRBDBE2128;DBXMySQLDriver;DBAwareLabeledComponents;VclSmp;inet;DataSnapCommon;vcltouch;fmxase;DBXOdbcDriver;dbrtl;FireDACDBXDriver;FireDACOracleDriver;Zint_Barcode_Generator;fmxdae;TeeDB;Skia.Package.FMX;FlexCel_XlsAdapter;FireDACMSAccDriver;VCL_FlexCel_Core;CustomIPTransport;FireDACMSSQLDriver;rbDAD2128;ISOpenOffice8;rbRCL2128;DataSnapIndy10ServerTransport;DataSnapConnectors;vclshlctrls;vcldsnap;DBXInterBaseDriver;FireDACMongoDBDriver;IndySystem;SkiaIconImageListFMX;FireDACTDataDriver;Skia.Package.VCL;vcldb;ibxbindings;acQueryBuilderD28;IconFontsImageList;VirtualTreesR;acCriteriaBuilderDsgnD28;GLScene_GPU_RT;rbRAP2128;FlexCel_Core;StyledComponents;vclFireDAC;rbIBE2128;bindcomp;FireDACCommon;DataSnapServerMidas;FireDACODBCDriver;emsserverresource;rbDIDE2128;rbDBE2128;IndyCore;RESTBackendComponents;GLScene_Physics_RT;FlexCel_Render;rbDB2128;bindcompdbx;rbCloudSC2128;IOFireDAC;rtl;FireDACMySQLDriver;IOADO;dclRBIBE2128;FireDACADSDriver;acQueryBuilderDsgnD28;VCL_FlexCel_Components;RaizeComponentsVclDb;rbUSERDesign2128;CardTablePackage;RESTComponents;DBXSqliteDriver;vcl;IndyIPServer;dsnapxml;dsnapcon;DataSnapClient;DataSnapProviderClient;adortl;rbRest2128;DBXSybaseASEDriver;acQueryBuilderFireDACD28;rbTCUI2128;DBXDb2Driver;acSqlTextEditorD28;acSqlTextEditorDsgnD28;rbADO2128;vclimg;DataSnapFireDAC;emsclientfiredac;FireDACPgDriver;FireDAC;FireDACDSDriver;inetdbxpress;xmlrtl;tethering;rbUSER2128;ibxpress;GLScene_Sounds_RT;AXWWRITER_VCL_DDX11;bindcompvcl;dsnap;rbRTL2128;QR506RunDXE11;CloudService;DBXSybaseASADriver;DBXOracleDriver;FireDACDb2Driver;DBXInformixDriver;IOJSON;vclib;IconFontsImageListFMX;fmxobj;bindcompvclsmp;FMXTee;DataSnapNativeClient;dclRBFireDAC2128;ISRtl8;ISFLib8;ComponentiCorsoDelphi;DatasnapConnectorsFreePascal;soaprtl;SVGIconImageList;GLScene_RT;soapserver;FireDACIBDriver;$(DCC_UsePackage)</DCC_UsePackage>
        <DCC_Namespace>Winapi;System.Win;Data.Win;Datasnap.Win;Web.Win;Soap.Win;Xml.Win;Bde;$(DCC_Namespace)</DCC_Namespace>
        <BT_BuildType>Debug</BT_BuildType>
        <Manifest_File>$(BDS)\bin\default_app.manifest</Manifest_File>
        <DCC_ExeOutput>..\Bin32</DCC_ExeOutput>
        <AppDPIAwarenessMode>none</AppDPIAwarenessMode>
        <Icon_MainIcon>..\Icons\logo.ico</Icon_MainIcon>
        <Debugger_RunParams>D:\ETHEA\GitHub_EtheaDev\InstantObjects\InstantObjects.wiki\Home.md</Debugger_RunParams>
    </PropertyGroup>
    <PropertyGroup Condition="'$(Base_Win64)'!=''">
        <DCC_UsePackage>RaizeComponentsVcl;vclwinx;DataSnapServer;FlexCel_Report;fmx;emshosting;vclie;DbxCommonDriver;bindengine;IndyIPCommon;VCLRESTComponents;DBXMSSQLDriver;FireDACCommonODBC;emsclient;FireDACCommonDriver;appanalytics;IndyProtocols;vclx;acQueryBuilderDsgnFireDACD28;IndyIPClient;dbxcds;vcledge;bindcompvclwinx;FmxTeeUI;Skia.Package.RTL;emsedge;bindcompfmx;DBXFirebirdDriver;Skia4DelphiExtensions;FlexCel_Pdf;inetdb;ibmonitor;FireDACSqliteDriver;DbxClientDriver;FireDACASADriver;Tee;soapmidas;vclactnband;TeeUI;fmxFireDAC;dbexpress;acCriteriaBuilderD28;FireDACInfxDriver;DBXMySQLDriver;VclSmp;inet;DataSnapCommon;vcltouch;fmxase;DBXOdbcDriver;dbrtl;FireDACDBXDriver;FireDACOracleDriver;fmxdae;TeeDB;Skia.Package.FMX;FlexCel_XlsAdapter;FireDACMSAccDriver;VCL_FlexCel_Core;CustomIPTransport;FireDACMSSQLDriver;DataSnapIndy10ServerTransport;DataSnapConnectors;vclshlctrls;vcldsnap;DBXInterBaseDriver;FireDACMongoDBDriver;IndySystem;SkiaIconImageListFMX;FireDACTDataDriver;Skia.Package.VCL;vcldb;ibxbindings;acQueryBuilderD28;VirtualTreesR;acCriteriaBuilderDsgnD28;FlexCel_Core;StyledComponents;vclFireDAC;bindcomp;FireDACCommon;DataSnapServerMidas;FireDACODBCDriver;emsserverresource;IndyCore;RESTBackendComponents;FlexCel_Render;bindcompdbx;rtl;FireDACMySQLDriver;FireDACADSDriver;acQueryBuilderDsgnD28;VCL_FlexCel_Components;RaizeComponentsVclDb;CardTablePackage;RESTComponents;DBXSqliteDriver;vcl;IndyIPServer;dsnapxml;dsnapcon;DataSnapClient;DataSnapProviderClient;adortl;DBXSybaseASEDriver;acQueryBuilderFireDACD28;DBXDb2Driver;acSqlTextEditorD28;acSqlTextEditorDsgnD28;vclimg;DataSnapFireDAC;emsclientfiredac;FireDACPgDriver;FireDAC;FireDACDSDriver;inetdbxpress;xmlrtl;tethering;ibxpress;bindcompvcl;dsnap;CloudService;DBXSybaseASADriver;DBXOracleDriver;FireDACDb2Driver;DBXInformixDriver;vclib;fmxobj;bindcompvclsmp;FMXTee;DataSnapNativeClient;DatasnapConnectorsFreePascal;soaprtl;SVGIconImageList;soapserver;FireDACIBDriver;$(DCC_UsePackage)</DCC_UsePackage>
        <DCC_Namespace>Winapi;System.Win;Data.Win;Datasnap.Win;Web.Win;Soap.Win;Xml.Win;$(DCC_Namespace)</DCC_Namespace>
        <BT_BuildType>Debug</BT_BuildType>
        <Manifest_File>$(BDS)\bin\default_app.manifest</Manifest_File>
        <DCC_ExeOutput>..\Bin64</DCC_ExeOutput>
        <AppDPIAwarenessMode>none</AppDPIAwarenessMode>
        <Icon_MainIcon>..\Icons\logo.ico</Icon_MainIcon>
    </PropertyGroup>
    <PropertyGroup Condition="'$(Cfg_1)'!=''">
        <DCC_Define>DEBUG;$(DCC_Define)</DCC_Define>
        <DCC_DebugDCUs>true</DCC_DebugDCUs>
        <DCC_Optimize>false</DCC_Optimize>
        <DCC_GenerateStackFrames>true</DCC_GenerateStackFrames>
        <DCC_DebugInfoInExe>true</DCC_DebugInfoInExe>
        <DCC_RemoteDebug>true</DCC_RemoteDebug>
        <DCC_IntegerOverflowCheck>true</DCC_IntegerOverflowCheck>
        <DCC_RangeChecking>true</DCC_RangeChecking>
    </PropertyGroup>
    <PropertyGroup Condition="'$(Cfg_1_Win32)'!=''">
        <DCC_RemoteDebug>false</DCC_RemoteDebug>
        <AppDPIAwarenessMode>PerMonitorV2</AppDPIAwarenessMode>
        <Icon_MainIcon>..\Icons\logo.ico</Icon_MainIcon>
    </PropertyGroup>
    <PropertyGroup Condition="'$(Cfg_1_Win64)'!=''">
        <AppDPIAwarenessMode>PerMonitorV2</AppDPIAwarenessMode>
        <Debugger_RunParams>D:\ETHEA\ExcelProducer\Help\ExcelProducer.md</Debugger_RunParams>
        <Icon_MainIcon>..\Icons\logo.ico</Icon_MainIcon>
    </PropertyGroup>
    <PropertyGroup Condition="'$(Cfg_2)'!=''">
        <DCC_LocalDebugSymbols>false</DCC_LocalDebugSymbols>
        <DCC_Define>RELEASE;$(DCC_Define)</DCC_Define>
        <DCC_SymbolReferenceInfo>0</DCC_SymbolReferenceInfo>
        <DCC_DebugInformation>0</DCC_DebugInformation>
    </PropertyGroup>
    <PropertyGroup Condition="'$(Cfg_2_Win32)'!=''">
        <AppDPIAwarenessMode>PerMonitorV2</AppDPIAwarenessMode>
        <Icon_MainIcon>..\Icons\logo.ico</Icon_MainIcon>
    </PropertyGroup>
    <PropertyGroup Condition="'$(Cfg_2_Win64)'!=''">
        <AppDPIAwarenessMode>PerMonitorV2</AppDPIAwarenessMode>
        <Icon_MainIcon>..\Icons\logo.ico</Icon_MainIcon>
    </PropertyGroup>
    <ItemGroup>
        <DelphiCompile Include="$(MainSource)">
            <MainSource>MainSource</MainSource>
        </DelphiCompile>
        <DCCReference Include="MDHelpView.Main.pas">
            <Form>MainForm</Form>
        </DCCReference>
        <DCCReference Include="MDHelpView.Resources.pas">
            <Form>dmResources</Form>
            <DesignClass>TDataModule</DesignClass>
        </DCCReference>
        <DCCReference Include="MDHelpView.Settings.pas"/>
        <DCCReference Include="MDHelpView.SettingsForm.pas">
            <Form>MDSettingsForm</Form>
            <FormType>dfm</FormType>
        </DCCReference>
        <DCCReference Include="MDHelpView.Registry.pas"/>
        <DCCReference Include="MDHelpView.Misc.pas"/>
        <DCCReference Include="MDHelpView.About.pas">
            <Form>FrmAbout</Form>
            <FormType>dfm</FormType>
        </DCCReference>
        <DCCReference Include="vmHtmlToPdf.pas"/>
        <DCCReference Include="AppInterface\MarkDownHelpViewer.pas"/>
        <DCCReference Include="Components\MarkDownViewerComponents.pas"/>
        <BuildConfiguration Include="Base">
            <Key>Base</Key>
        </BuildConfiguration>
        <BuildConfiguration Include="Debug">
            <Key>Cfg_1</Key>
            <CfgParent>Base</CfgParent>
        </BuildConfiguration>
        <BuildConfiguration Include="Release">
            <Key>Cfg_2</Key>
            <CfgParent>Base</CfgParent>
        </BuildConfiguration>
    </ItemGroup>
    <ProjectExtensions>
        <Borland.Personality>Delphi.Personality.12</Borland.Personality>
        <Borland.ProjectType>Application</Borland.ProjectType>
        <BorlandProject>
            <Delphi.Personality>
                <Source>
                    <Source Name="MainSource">MDHelpViewer.dpr</Source>
                </Source>
                <Excluded_Packages>
                </Excluded_Packages>
            </Delphi.Personality>
            <Platforms>
                <Platform value="Win32">True</Platform>
                <Platform value="Win64">True</Platform>
            </Platforms>
            <ModelSupport>False</ModelSupport>
        </BorlandProject>
        <ProjectFileVersion>12</ProjectFileVersion>
    </ProjectExtensions>
    <Import Project="$(BDS)\Bin\CodeGear.Delphi.Targets" Condition="Exists('$(BDS)\Bin\CodeGear.Delphi.Targets')"/>
    <Import Project="$(APPDATA)\Embarcadero\$(BDSAPPDATABASEDIR)\$(PRODUCTVERSION)\UserTools.proj" Condition="Exists('$(APPDATA)\Embarcadero\$(BDSAPPDATABASEDIR)\$(PRODUCTVERSION)\UserTools.proj')"/>
</Project>
