<Project xmlns="http://schemas.microsoft.com/developer/msbuild/2003">
    <PropertyGroup>
        <ProjectGuid>{D97EF78A-8E1D-46BC-B652-1F3CFE6AD22D}</ProjectGuid>
        <ProjectVersion>20.3</ProjectVersion>
        <FrameworkType>VCL</FrameworkType>
        <Base>True</Base>
        <Config Condition="'$(Config)'==''">Debug</Config>
        <Platform Condition="'$(Platform)'==''">Win64</Platform>
        <TargetedPlatforms>3</TargetedPlatforms>
        <AppType>Application</AppType>
        <MainSource>MDHelpViewer.dpr</MainSource>
        <ProjectName Condition="'$(ProjectName)'==''">MDHelpViewer</ProjectName>
    </PropertyGroup>
    <PropertyGroup Condition="'$(Config)'=='Base' or '$(Base)'!=''">
        <Base>true</Base>
    </PropertyGroup>
    <PropertyGroup Condition="('$(Platform)'=='Win32' and '$(Base)'=='true') or '$(Base_Win32)'!=''">
        <Base_Win32>true</Base_Win32>
        <CfgParent>Base</CfgParent>
        <Base>true</Base>
    </PropertyGroup>
    <PropertyGroup Condition="('$(Platform)'=='Win64' and '$(Base)'=='true') or '$(Base_Win64)'!=''">
        <Base_Win64>true</Base_Win64>
        <CfgParent>Base</CfgParent>
        <Base>true</Base>
    </PropertyGroup>
    <PropertyGroup Condition="'$(Config)'=='Debug' or '$(Cfg_1)'!=''">
        <Cfg_1>true</Cfg_1>
        <CfgParent>Base</CfgParent>
        <Base>true</Base>
    </PropertyGroup>
    <PropertyGroup Condition="('$(Platform)'=='Win32' and '$(Cfg_1)'=='true') or '$(Cfg_1_Win32)'!=''">
        <Cfg_1_Win32>true</Cfg_1_Win32>
        <CfgParent>Cfg_1</CfgParent>
        <Cfg_1>true</Cfg_1>
        <Base>true</Base>
    </PropertyGroup>
    <PropertyGroup Condition="('$(Platform)'=='Win64' and '$(Cfg_1)'=='true') or '$(Cfg_1_Win64)'!=''">
        <Cfg_1_Win64>true</Cfg_1_Win64>
        <CfgParent>Cfg_1</CfgParent>
        <Cfg_1>true</Cfg_1>
        <Base>true</Base>
    </PropertyGroup>
    <PropertyGroup Condition="'$(Config)'=='Release' or '$(Cfg_2)'!=''">
        <Cfg_2>true</Cfg_2>
        <CfgParent>Base</CfgParent>
        <Base>true</Base>
    </PropertyGroup>
    <PropertyGroup Condition="('$(Platform)'=='Win32' and '$(Cfg_2)'=='true') or '$(Cfg_2_Win32)'!=''">
        <Cfg_2_Win32>true</Cfg_2_Win32>
        <CfgParent>Cfg_2</CfgParent>
        <Cfg_2>true</Cfg_2>
        <Base>true</Base>
    </PropertyGroup>
    <PropertyGroup Condition="('$(Platform)'=='Win64' and '$(Cfg_2)'=='true') or '$(Cfg_2_Win64)'!=''">
        <Cfg_2_Win64>true</Cfg_2_Win64>
        <CfgParent>Cfg_2</CfgParent>
        <Cfg_2>true</Cfg_2>
        <Base>true</Base>
    </PropertyGroup>
    <PropertyGroup Condition="'$(Base)'!=''">
        <DCC_DcuOutput>..\Dcu\$(Platform)\</DCC_DcuOutput>
        <DCC_E>false</DCC_E>
        <DCC_N>false</DCC_N>
        <DCC_S>false</DCC_S>
        <DCC_F>false</DCC_F>
        <DCC_K>false</DCC_K>
        <DCC_Namespace>System;Xml;Data;Datasnap;Web;Soap;Vcl;Vcl.Imaging;Vcl.Touch;Vcl.Samples;Vcl.Shell;$(DCC_Namespace)</DCC_Namespace>
        <Icon_MainIcon>$(BDS)\bin\delphi_PROJECTICON.ico</Icon_MainIcon>
        <SanitizedProjectName>MDHelpViewer</SanitizedProjectName>
        <DCC_UnitSearchPath>..\Ext\HTMLViewer\Source;..\Ext\MarkdownProcessor\Source;..\Ext\SVGIconImageList\Source;..\Ext\SVGIconImageList\Image32\Source;..\Ext\SynPDF;..\Ext\VclStyleUtils\Common;..\Ext\VclStyleUtils\DDetours\Source;..\Ext\StyledComponents\source;..\Ext\ISMultiLanguage\src\Engine;$(DCC_UnitSearchPath)</DCC_UnitSearchPath>
        <VerInfo_Locale>1033</VerInfo_Locale>
        <VerInfo_Keys>CompanyName=Ethea S.r.l.;FileDescription=Markdown Help Viewer;FileVersion=2.3.5.0;InternalName=;LegalCopyright=Copyright (c) Ethea S.r.l.;LegalTrademarks=;OriginalFilename=;ProgramID=;ProductName=MarkdownHelpViewer;ProductVersion=2.3;Comments=</VerInfo_Keys>
        <Custom_Styles>Glow|VCLSTYLE|$(BDSCOMMONDIR)\Styles\Glow.vsf;Sky|VCLSTYLE|$(BDSCOMMONDIR)\Styles\Sky.vsf;Windows10|VCLSTYLE|$(BDSCOMMONDIR)\Styles\Windows10.vsf;&quot;Windows10 Dark|VCLSTYLE|$(BDSCOMMONDIR)\Styles\Windows10Dark.vsf&quot;;&quot;Windows10 SlateGray|VCLSTYLE|$(BDSCOMMONDIR)\Styles\Windows10SlateGray.vsf&quot;;&quot;Windows11 Modern Dark|VCLSTYLE|$(BDSCOMMONDIR)\Styles\Windows11_Modern_Dark.vsf&quot;;&quot;Windows11 Modern Light|VCLSTYLE|$(BDSCOMMONDIR)\Styles\Windows11_Modern_Light.vsf&quot;</Custom_Styles>
        <VerInfo_IncludeVerInfo>true</VerInfo_IncludeVerInfo>
        <VerInfo_MajorVer>2</VerInfo_MajorVer>
        <DCC_Define>STYLEDCOMPONENTS;SKIA;$(DCC_Define)</DCC_Define>
        <VerInfo_MinorVer>3</VerInfo_MinorVer>
        <VerInfo_Release>5</VerInfo_Release>
    </PropertyGroup>
    <PropertyGroup Condition="'$(Base_Win32)'!=''">
        <DCC_Namespace>Winapi;System.Win;Data.Win;Datasnap.Win;Web.Win;Soap.Win;Xml.Win;Bde;$(DCC_Namespace)</DCC_Namespace>
        <BT_BuildType>Debug</BT_BuildType>
        <Manifest_File>$(BDS)\bin\default_app.manifest</Manifest_File>
        <DCC_ExeOutput>..\Bin32</DCC_ExeOutput>
        <AppDPIAwarenessMode>PerMonitorV2</AppDPIAwarenessMode>
        <Icon_MainIcon>..\Icons\logo.ico</Icon_MainIcon>
        <Debugger_RunParams>D:\ETHEA\GitHub_EtheaDev\InstantObjects\InstantObjects.wiki\Home.md</Debugger_RunParams>
    </PropertyGroup>
    <PropertyGroup Condition="'$(Base_Win64)'!=''">
        <DCC_Namespace>Winapi;System.Win;Data.Win;Datasnap.Win;Web.Win;Soap.Win;Xml.Win;$(DCC_Namespace)</DCC_Namespace>
        <BT_BuildType>Debug</BT_BuildType>
        <Manifest_File>$(BDS)\bin\default_app.manifest</Manifest_File>
        <DCC_ExeOutput>..\Bin64</DCC_ExeOutput>
        <AppDPIAwarenessMode>PerMonitorV2</AppDPIAwarenessMode>
        <Icon_MainIcon>..\Icons\logo.ico</Icon_MainIcon>
        <Debugger_RunParams>D:\ETHEA\GitHub_EtheaDev\InstantObjects\InstantObjects.wiki\Home.md</Debugger_RunParams>
    </PropertyGroup>
    <PropertyGroup Condition="'$(Cfg_1)'!=''">
        <DCC_Define>DEBUG;$(DCC_Define)</DCC_Define>
        <DCC_DebugDCUs>true</DCC_DebugDCUs>
        <DCC_DebugInfoInExe>true</DCC_DebugInfoInExe>
        <DCC_IntegerOverflowCheck>true</DCC_IntegerOverflowCheck>
        <DCC_RangeChecking>true</DCC_RangeChecking>
    </PropertyGroup>
    <PropertyGroup Condition="'$(Cfg_1_Win32)'!=''">
        <Icon_MainIcon>..\Icons\logo.ico</Icon_MainIcon>
    </PropertyGroup>
    <PropertyGroup Condition="'$(Cfg_1_Win64)'!=''">
        <Icon_MainIcon>..\Icons\logo.ico</Icon_MainIcon>
        <Debugger_RunParams>D:\ETHEA\MarkDownHelpViewer\Demo\Help\Home.md</Debugger_RunParams>
    </PropertyGroup>
    <PropertyGroup Condition="'$(Cfg_2)'!=''">
        <DCC_LocalDebugSymbols>false</DCC_LocalDebugSymbols>
        <DCC_Define>RELEASE;$(DCC_Define)</DCC_Define>
        <DCC_SymbolReferenceInfo>0</DCC_SymbolReferenceInfo>
        <DCC_DebugInformation>0</DCC_DebugInformation>
    </PropertyGroup>
    <PropertyGroup Condition="'$(Cfg_2_Win32)'!=''">
        <Icon_MainIcon>..\Icons\logo.ico</Icon_MainIcon>
    </PropertyGroup>
    <PropertyGroup Condition="'$(Cfg_2_Win64)'!=''">
        <Icon_MainIcon>..\Icons\logo.ico</Icon_MainIcon>
    </PropertyGroup>
    <ProjectExtensions>
        <Borland.Personality>Delphi.Personality.12</Borland.Personality>
        <Borland.ProjectType>VCLApplication</Borland.ProjectType>
        <BorlandProject>
            <Delphi.Personality>
                <Source>
                    <Source Name="MainSource">MDHelpViewer.dpr</Source>
                </Source>
                <Excluded_Packages>
                </Excluded_Packages>
                <WelcomePageFile Path="..\README.htm"/>
                <WelcomePageFolder/>
            </Delphi.Personality>
            <Platforms>
                <Platform value="Win32">True</Platform>
                <Platform value="Win64">True</Platform>
            </Platforms>
        </BorlandProject>
        <ProjectFileVersion>12</ProjectFileVersion>
    </ProjectExtensions>
    <ItemGroup>
        <DelphiCompile Include="$(MainSource)">
            <MainSource>MainSource</MainSource>
        </DelphiCompile>
        <DCCReference Include="MDHelpView.FormsHookTrx.pas"/>
        <DCCReference Include="MDHelpView.Main.pas">
            <Form>MainForm</Form>
        </DCCReference>
        <DCCReference Include="MDHelpView.Resources.pas">
            <Form>dmResources</Form>
            <DesignClass>TDataModule</DesignClass>
        </DCCReference>
        <DCCReference Include="MDHelpView.Settings.pas"/>
        <DCCReference Include="MDHelpView.SettingsForm.pas">
            <Form>MDSettingsForm</Form>
        </DCCReference>
        <DCCReference Include="MDHelpView.Registry.pas"/>
        <DCCReference Include="MDHelpView.Misc.pas"/>
        <DCCReference Include="MDHelpView.About.pas">
            <Form>FrmAbout</Form>
        </DCCReference>
        <DCCReference Include="vmHtmlToPdf.pas"/>
        <DCCReference Include="AppInterface\MarkDownHelpViewer.pas"/>
        <DCCReference Include="Components\MarkDownViewerComponents.pas"/>
        <DCCReference Include="..\Ext\StyledComponents\source\Skia.Vcl.StyledTaskDialogAnimatedUnit.pas">
            <Form>StyledTaskDialogAnimated</Form>
        </DCCReference>
        <DCCReference Include="..\Ext\StyledComponents\source\Vcl.StyledTaskDialogFormUnit.pas">
            <Form>StyledTaskDialogForm</Form>
        </DCCReference>
        <DCCReference Include="MDHelpView.Messages.pas"/>
        <BuildConfiguration Include="Base">
            <Key>Base</Key>
        </BuildConfiguration>
        <BuildConfiguration Include="Debug">
            <Key>Cfg_1</Key>
            <CfgParent>Base</CfgParent>
        </BuildConfiguration>
        <BuildConfiguration Include="Release">
            <Key>Cfg_2</Key>
            <CfgParent>Base</CfgParent>
        </BuildConfiguration>
    </ItemGroup>
    <Import Project="$(BDS)\Bin\CodeGear.Delphi.Targets" Condition="Exists('$(BDS)\Bin\CodeGear.Delphi.Targets')"/>
    <Import Project="$(APPDATA)\Embarcadero\$(BDSAPPDATABASEDIR)\$(PRODUCTVERSION)\UserTools.proj" Condition="Exists('$(APPDATA)\Embarcadero\$(BDSAPPDATABASEDIR)\$(PRODUCTVERSION)\UserTools.proj')"/>
</Project>
